// !$*UTF8*$!
{
	archiveVersion = 1;
	classes = {
	};
	objectVersion = 56;
	objects = {

/* Begin PBXBuildFile section */
		FA1BE1722CEF383200BAD2FE /* ViewBuilderScreen.swift in Sources */ = {isa = PBXBuildFile; fileRef = FA1BE1712CEF383200BAD2FE /* ViewBuilderScreen.swift */; };
		FA1BE1742CEF7A4200BAD2FE /* PreferenceKeyScreen.swift in Sources */ = {isa = PBXBuildFile; fileRef = FA1BE1732CEF7A4200BAD2FE /* PreferenceKeyScreen.swift */; };
		FA1BE1772CEF842D00BAD2FE /* GeometryPreferenceKeyScreen.swift in Sources */ = {isa = PBXBuildFile; fileRef = FA1BE1762CEF842D00BAD2FE /* GeometryPreferenceKeyScreen.swift */; };
		FA45110E2CF466D300843FB7 /* AppNavBarScreen.swift in Sources */ = {isa = PBXBuildFile; fileRef = FA45110D2CF466D300843FB7 /* AppNavBarScreen.swift */; };
		FA4511102CF46C5600843FB7 /* CustomNavBarView.swift in Sources */ = {isa = PBXBuildFile; fileRef = FA45110F2CF46C5600843FB7 /* CustomNavBarView.swift */; };
		FA4511122CF4708700843FB7 /* CustomNavBarContainerView.swift in Sources */ = {isa = PBXBuildFile; fileRef = FA4511112CF4708700843FB7 /* CustomNavBarContainerView.swift */; };
		FA4511142CF47D0400843FB7 /* CustomNavLinkView.swift in Sources */ = {isa = PBXBuildFile; fileRef = FA4511132CF47D0400843FB7 /* CustomNavLinkView.swift */; };
		FA4511162CF4877900843FB7 /* UIViewRepresentableScreen.swift in Sources */ = {isa = PBXBuildFile; fileRef = FA4511152CF4877900843FB7 /* UIViewRepresentableScreen.swift */; };
		FA54D2A12CEC922F0099E212 /* AnyTransitionScreen.swift in Sources */ = {isa = PBXBuildFile; fileRef = FA54D2A02CEC922F0099E212 /* AnyTransitionScreen.swift */; };
		FA54D2A32CEC9E290099E212 /* MatchedGeometryEffectScreen.swift in Sources */ = {isa = PBXBuildFile; fileRef = FA54D2A22CEC9E290099E212 /* MatchedGeometryEffectScreen.swift */; };
		FA54D2A52CED54E90099E212 /* CustomShapesScreen.swift in Sources */ = {isa = PBXBuildFile; fileRef = FA54D2A42CED54E90099E212 /* CustomShapesScreen.swift */; };
		FA6095CB2CF5D0CA005746C2 /* UIViewControllerRepresentableScreen.swift in Sources */ = {isa = PBXBuildFile; fileRef = FA6095CA2CF5D0CA005746C2 /* UIViewControllerRepresentableScreen.swift */; };
		FA7273212CF08E38007FE28B /* AppTabBarView.swift in Sources */ = {isa = PBXBuildFile; fileRef = FA7273202CF08E38007FE28B /* AppTabBarView.swift */; };
		FA7273232CF08FC4007FE28B /* CustomTabBarView.swift in Sources */ = {isa = PBXBuildFile; fileRef = FA7273222CF08FC4007FE28B /* CustomTabBarView.swift */; };
		FA7273252CF0D493007FE28B /* CustomTabBarContainerView.swift in Sources */ = {isa = PBXBuildFile; fileRef = FA7273242CF0D493007FE28B /* CustomTabBarContainerView.swift */; };
		FA9F2F322CF297960066C44F /* TabBarItemsPreferenceKey.swift in Sources */ = {isa = PBXBuildFile; fileRef = FA9F2F312CF297960066C44F /* TabBarItemsPreferenceKey.swift */; };
		FABB644E2CF7D566008B2502 /* AdvancedCombine.swift in Sources */ = {isa = PBXBuildFile; fileRef = FABB644D2CF7D566008B2502 /* AdvancedCombine.swift */; };
		FAE491B62CEFF39000C54DBC /* ScrollViewPreferenceKeyScreen.swift in Sources */ = {isa = PBXBuildFile; fileRef = FAE491B52CEFF39000C54DBC /* ScrollViewPreferenceKeyScreen.swift */; };
		FAEE76192CFA0B7E00458B35 /* FutureScreen.swift in Sources */ = {isa = PBXBuildFile; fileRef = FAEE76182CFA0B7E00458B35 /* FutureScreen.swift */; };
		FAEEC7722CF3700D00167F64 /* TabBarItem.swift in Sources */ = {isa = PBXBuildFile; fileRef = FAEEC7712CF3700D00167F64 /* TabBarItem.swift */; };
		FAF0C96D2CEDD1E7007ECB28 /* CustomCurveScreen.swift in Sources */ = {isa = PBXBuildFile; fileRef = FAF0C96C2CEDD1E7007ECB28 /* CustomCurveScreen.swift */; };
		FAF0C96F2CEDEE26007ECB28 /* AnimateableDataScreen.swift in Sources */ = {isa = PBXBuildFile; fileRef = FAF0C96E2CEDEE26007ECB28 /* AnimateableDataScreen.swift */; };
		FAFC9E912CEB4E8C0032D9E1 /* swiftuiAdvancedLearningApp.swift in Sources */ = {isa = PBXBuildFile; fileRef = FAFC9E902CEB4E8C0032D9E1 /* swiftuiAdvancedLearningApp.swift */; };
		FAFC9E952CEB4E8D0032D9E1 /* Assets.xcassets in Resources */ = {isa = PBXBuildFile; fileRef = FAFC9E942CEB4E8D0032D9E1 /* Assets.xcassets */; };
		FAFC9E982CEB4E8D0032D9E1 /* Preview Assets.xcassets in Resources */ = {isa = PBXBuildFile; fileRef = FAFC9E972CEB4E8D0032D9E1 /* Preview Assets.xcassets */; };
		FAFC9E9F2CEB4F3A0032D9E1 /* ViewModifierScreen.swift in Sources */ = {isa = PBXBuildFile; fileRef = FAFC9E9E2CEB4F3A0032D9E1 /* ViewModifierScreen.swift */; };
		FAFC9EA12CEB56930032D9E1 /* ButtonStyleScreen.swift in Sources */ = {isa = PBXBuildFile; fileRef = FAFC9EA02CEB56930032D9E1 /* ButtonStyleScreen.swift */; };
/* End PBXBuildFile section */

/* Begin PBXFileReference section */
		FA1BE1712CEF383200BAD2FE /* ViewBuilderScreen.swift */ = {isa = PBXFileReference; lastKnownFileType = sourcecode.swift; path = ViewBuilderScreen.swift; sourceTree = "<group>"; };
		FA1BE1732CEF7A4200BAD2FE /* PreferenceKeyScreen.swift */ = {isa = PBXFileReference; lastKnownFileType = sourcecode.swift; path = PreferenceKeyScreen.swift; sourceTree = "<group>"; };
		FA1BE1762CEF842D00BAD2FE /* GeometryPreferenceKeyScreen.swift */ = {isa = PBXFileReference; lastKnownFileType = sourcecode.swift; path = GeometryPreferenceKeyScreen.swift; sourceTree = "<group>"; };
		FA45110D2CF466D300843FB7 /* AppNavBarScreen.swift */ = {isa = PBXFileReference; lastKnownFileType = sourcecode.swift; path = AppNavBarScreen.swift; sourceTree = "<group>"; };
		FA45110F2CF46C5600843FB7 /* CustomNavBarView.swift */ = {isa = PBXFileReference; lastKnownFileType = sourcecode.swift; path = CustomNavBarView.swift; sourceTree = "<group>"; };
		FA4511112CF4708700843FB7 /* CustomNavBarContainerView.swift */ = {isa = PBXFileReference; lastKnownFileType = sourcecode.swift; path = CustomNavBarContainerView.swift; sourceTree = "<group>"; };
		FA4511132CF47D0400843FB7 /* CustomNavLinkView.swift */ = {isa = PBXFileReference; lastKnownFileType = sourcecode.swift; path = CustomNavLinkView.swift; sourceTree = "<group>"; };
		FA4511152CF4877900843FB7 /* UIViewRepresentableScreen.swift */ = {isa = PBXFileReference; lastKnownFileType = sourcecode.swift; path = UIViewRepresentableScreen.swift; sourceTree = "<group>"; };
		FA54D2A02CEC922F0099E212 /* AnyTransitionScreen.swift */ = {isa = PBXFileReference; lastKnownFileType = sourcecode.swift; path = AnyTransitionScreen.swift; sourceTree = "<group>"; };
		FA54D2A22CEC9E290099E212 /* MatchedGeometryEffectScreen.swift */ = {isa = PBXFileReference; lastKnownFileType = sourcecode.swift; path = MatchedGeometryEffectScreen.swift; sourceTree = "<group>"; };
		FA54D2A42CED54E90099E212 /* CustomShapesScreen.swift */ = {isa = PBXFileReference; lastKnownFileType = sourcecode.swift; path = CustomShapesScreen.swift; sourceTree = "<group>"; };
		FA6095CA2CF5D0CA005746C2 /* UIViewControllerRepresentableScreen.swift */ = {isa = PBXFileReference; lastKnownFileType = sourcecode.swift; path = UIViewControllerRepresentableScreen.swift; sourceTree = "<group>"; };
		FA7273202CF08E38007FE28B /* AppTabBarView.swift */ = {isa = PBXFileReference; lastKnownFileType = sourcecode.swift; path = AppTabBarView.swift; sourceTree = "<group>"; };
		FA7273222CF08FC4007FE28B /* CustomTabBarView.swift */ = {isa = PBXFileReference; lastKnownFileType = sourcecode.swift; path = CustomTabBarView.swift; sourceTree = "<group>"; };
		FA7273242CF0D493007FE28B /* CustomTabBarContainerView.swift */ = {isa = PBXFileReference; lastKnownFileType = sourcecode.swift; path = CustomTabBarContainerView.swift; sourceTree = "<group>"; };
		FA9F2F312CF297960066C44F /* TabBarItemsPreferenceKey.swift */ = {isa = PBXFileReference; lastKnownFileType = sourcecode.swift; path = TabBarItemsPreferenceKey.swift; sourceTree = "<group>"; };
		FABB644D2CF7D566008B2502 /* AdvancedCombine.swift */ = {isa = PBXFileReference; lastKnownFileType = sourcecode.swift; path = AdvancedCombine.swift; sourceTree = "<group>"; };
		FAE491B52CEFF39000C54DBC /* ScrollViewPreferenceKeyScreen.swift */ = {isa = PBXFileReference; lastKnownFileType = sourcecode.swift; path = ScrollViewPreferenceKeyScreen.swift; sourceTree = "<group>"; };
		FAEE76182CFA0B7E00458B35 /* FutureScreen.swift */ = {isa = PBXFileReference; lastKnownFileType = sourcecode.swift; path = FutureScreen.swift; sourceTree = "<group>"; };
		FAEEC7712CF3700D00167F64 /* TabBarItem.swift */ = {isa = PBXFileReference; lastKnownFileType = sourcecode.swift; path = TabBarItem.swift; sourceTree = "<group>"; };
		FAF0C96C2CEDD1E7007ECB28 /* CustomCurveScreen.swift */ = {isa = PBXFileReference; lastKnownFileType = sourcecode.swift; path = CustomCurveScreen.swift; sourceTree = "<group>"; };
		FAF0C96E2CEDEE26007ECB28 /* AnimateableDataScreen.swift */ = {isa = PBXFileReference; lastKnownFileType = sourcecode.swift; path = AnimateableDataScreen.swift; sourceTree = "<group>"; };
		FAFC9E8D2CEB4E8C0032D9E1 /* swiftuiAdvancedLearning.app */ = {isa = PBXFileReference; explicitFileType = wrapper.application; includeInIndex = 0; path = swiftuiAdvancedLearning.app; sourceTree = BUILT_PRODUCTS_DIR; };
		FAFC9E902CEB4E8C0032D9E1 /* swiftuiAdvancedLearningApp.swift */ = {isa = PBXFileReference; lastKnownFileType = sourcecode.swift; path = swiftuiAdvancedLearningApp.swift; sourceTree = "<group>"; };
		FAFC9E942CEB4E8D0032D9E1 /* Assets.xcassets */ = {isa = PBXFileReference; lastKnownFileType = folder.assetcatalog; path = Assets.xcassets; sourceTree = "<group>"; };
		FAFC9E972CEB4E8D0032D9E1 /* Preview Assets.xcassets */ = {isa = PBXFileReference; lastKnownFileType = folder.assetcatalog; path = "Preview Assets.xcassets"; sourceTree = "<group>"; };
		FAFC9E9E2CEB4F3A0032D9E1 /* ViewModifierScreen.swift */ = {isa = PBXFileReference; lastKnownFileType = sourcecode.swift; path = ViewModifierScreen.swift; sourceTree = "<group>"; };
		FAFC9EA02CEB56930032D9E1 /* ButtonStyleScreen.swift */ = {isa = PBXFileReference; lastKnownFileType = sourcecode.swift; path = ButtonStyleScreen.swift; sourceTree = "<group>"; };
/* End PBXFileReference section */

/* Begin PBXFrameworksBuildPhase section */
		FAFC9E8A2CEB4E8C0032D9E1 /* Frameworks */ = {
			isa = PBXFrameworksBuildPhase;
			buildActionMask = 2147483647;
			files = (
			);
			runOnlyForDeploymentPostprocessing = 0;
		};
/* End PBXFrameworksBuildPhase section */

/* Begin PBXGroup section */
		FA1BE1752CEF839200BAD2FE /* PreferenceKeyScreens */ = {
			isa = PBXGroup;
			children = (
				FA1BE1732CEF7A4200BAD2FE /* PreferenceKeyScreen.swift */,
				FA1BE1762CEF842D00BAD2FE /* GeometryPreferenceKeyScreen.swift */,
				FAE491B52CEFF39000C54DBC /* ScrollViewPreferenceKeyScreen.swift */,
			);
			path = PreferenceKeyScreens;
			sourceTree = "<group>";
		};
		FA45110C2CF466B200843FB7 /* CustomNavBar */ = {
			isa = PBXGroup;
			children = (
				FA45110D2CF466D300843FB7 /* AppNavBarScreen.swift */,
				FA4511132CF47D0400843FB7 /* CustomNavLinkView.swift */,
				FA45110F2CF46C5600843FB7 /* CustomNavBarView.swift */,
				FA4511112CF4708700843FB7 /* CustomNavBarContainerView.swift */,
			);
			path = CustomNavBar;
			sourceTree = "<group>";
		};
		FA72731F2CF08E0C007FE28B /* CustomTabBar */ = {
			isa = PBXGroup;
			children = (
				FA7273202CF08E38007FE28B /* AppTabBarView.swift */,
				FA7273222CF08FC4007FE28B /* CustomTabBarView.swift */,
				FA7273242CF0D493007FE28B /* CustomTabBarContainerView.swift */,
				FA9F2F312CF297960066C44F /* TabBarItemsPreferenceKey.swift */,
				FAEEC7712CF3700D00167F64 /* TabBarItem.swift */,
			);
			path = CustomTabBar;
			sourceTree = "<group>";
		};
		FAFC9E842CEB4E8C0032D9E1 = {
			isa = PBXGroup;
			children = (
				FAFC9E8F2CEB4E8C0032D9E1 /* swiftuiAdvancedLearning */,
				FAFC9E8E2CEB4E8C0032D9E1 /* Products */,
			);
			sourceTree = "<group>";
		};
		FAFC9E8E2CEB4E8C0032D9E1 /* Products */ = {
			isa = PBXGroup;
			children = (
				FAFC9E8D2CEB4E8C0032D9E1 /* swiftuiAdvancedLearning.app */,
			);
			name = Products;
			sourceTree = "<group>";
		};
		FAFC9E8F2CEB4E8C0032D9E1 /* swiftuiAdvancedLearning */ = {
			isa = PBXGroup;
			children = (
				FAFC9E902CEB4E8C0032D9E1 /* swiftuiAdvancedLearningApp.swift */,
				FAFC9EA02CEB56930032D9E1 /* ButtonStyleScreen.swift */,
				FA54D2A22CEC9E290099E212 /* MatchedGeometryEffectScreen.swift */,
				FAF0C96C2CEDD1E7007ECB28 /* CustomCurveScreen.swift */,
				FA45110C2CF466B200843FB7 /* CustomNavBar */,
				FA72731F2CF08E0C007FE28B /* CustomTabBar */,
				FA1BE1752CEF839200BAD2FE /* PreferenceKeyScreens */,
				FAF0C96E2CEDEE26007ECB28 /* AnimateableDataScreen.swift */,
				FA1BE1712CEF383200BAD2FE /* ViewBuilderScreen.swift */,
				FA4511152CF4877900843FB7 /* UIViewRepresentableScreen.swift */,
				FA6095CA2CF5D0CA005746C2 /* UIViewControllerRepresentableScreen.swift */,
				FAEE76182CFA0B7E00458B35 /* FutureScreen.swift */,
				FA54D2A42CED54E90099E212 /* CustomShapesScreen.swift */,
				FAFC9E9E2CEB4F3A0032D9E1 /* ViewModifierScreen.swift */,
				FABB644D2CF7D566008B2502 /* AdvancedCombine.swift */,
				FA54D2A02CEC922F0099E212 /* AnyTransitionScreen.swift */,
				FAFC9E942CEB4E8D0032D9E1 /* Assets.xcassets */,
				FAFC9E962CEB4E8D0032D9E1 /* Preview Content */,
			);
			path = swiftuiAdvancedLearning;
			sourceTree = "<group>";
		};
		FAFC9E962CEB4E8D0032D9E1 /* Preview Content */ = {
			isa = PBXGroup;
			children = (
				FAFC9E972CEB4E8D0032D9E1 /* Preview Assets.xcassets */,
			);
			path = "Preview Content";
			sourceTree = "<group>";
		};
/* End PBXGroup section */

/* Begin PBXNativeTarget section */
		FAFC9E8C2CEB4E8C0032D9E1 /* swiftuiAdvancedLearning */ = {
			isa = PBXNativeTarget;
			buildConfigurationList = FAFC9E9B2CEB4E8D0032D9E1 /* Build configuration list for PBXNativeTarget "swiftuiAdvancedLearning" */;
			buildPhases = (
				FAFC9E892CEB4E8C0032D9E1 /* Sources */,
				FAFC9E8A2CEB4E8C0032D9E1 /* Frameworks */,
				FAFC9E8B2CEB4E8C0032D9E1 /* Resources */,
			);
			buildRules = (
			);
			dependencies = (
			);
			name = swiftuiAdvancedLearning;
			productName = swiftuiAdvancedLearning;
			productReference = FAFC9E8D2CEB4E8C0032D9E1 /* swiftuiAdvancedLearning.app */;
			productType = "com.apple.product-type.application";
		};
/* End PBXNativeTarget section */

/* Begin PBXProject section */
		FAFC9E852CEB4E8C0032D9E1 /* Project object */ = {
			isa = PBXProject;
			attributes = {
				BuildIndependentTargetsInParallel = 1;
				LastSwiftUpdateCheck = 1540;
				LastUpgradeCheck = 1540;
				TargetAttributes = {
					FAFC9E8C2CEB4E8C0032D9E1 = {
						CreatedOnToolsVersion = 15.4;
					};
				};
			};
			buildConfigurationList = FAFC9E882CEB4E8C0032D9E1 /* Build configuration list for PBXProject "swiftuiAdvancedLearning" */;
			compatibilityVersion = "Xcode 14.0";
			developmentRegion = en;
			hasScannedForEncodings = 0;
			knownRegions = (
				en,
				Base,
			);
			mainGroup = FAFC9E842CEB4E8C0032D9E1;
			productRefGroup = FAFC9E8E2CEB4E8C0032D9E1 /* Products */;
			projectDirPath = "";
			projectRoot = "";
			targets = (
				FAFC9E8C2CEB4E8C0032D9E1 /* swiftuiAdvancedLearning */,
			);
		};
/* End PBXProject section */

/* Begin PBXResourcesBuildPhase section */
		FAFC9E8B2CEB4E8C0032D9E1 /* Resources */ = {
			isa = PBXResourcesBuildPhase;
			buildActionMask = 2147483647;
			files = (
				FAFC9E982CEB4E8D0032D9E1 /* Preview Assets.xcassets in Resources */,
				FAFC9E952CEB4E8D0032D9E1 /* Assets.xcassets in Resources */,
			);
			runOnlyForDeploymentPostprocessing = 0;
		};
/* End PBXResourcesBuildPhase section */

/* Begin PBXSourcesBuildPhase section */
		FAFC9E892CEB4E8C0032D9E1 /* Sources */ = {
			isa = PBXSourcesBuildPhase;
			buildActionMask = 2147483647;
			files = (
				FA6095CB2CF5D0CA005746C2 /* UIViewControllerRepresentableScreen.swift in Sources */,
				FA4511142CF47D0400843FB7 /* CustomNavLinkView.swift in Sources */,
				FA7273212CF08E38007FE28B /* AppTabBarView.swift in Sources */,
				FABB644E2CF7D566008B2502 /* AdvancedCombine.swift in Sources */,
				FA4511122CF4708700843FB7 /* CustomNavBarContainerView.swift in Sources */,
				FA4511162CF4877900843FB7 /* UIViewRepresentableScreen.swift in Sources */,
				FA45110E2CF466D300843FB7 /* AppNavBarScreen.swift in Sources */,
				FAE491B62CEFF39000C54DBC /* ScrollViewPreferenceKeyScreen.swift in Sources */,
				FA54D2A52CED54E90099E212 /* CustomShapesScreen.swift in Sources */,
				FAFC9E9F2CEB4F3A0032D9E1 /* ViewModifierScreen.swift in Sources */,
				FA7273252CF0D493007FE28B /* CustomTabBarContainerView.swift in Sources */,
				FA4511102CF46C5600843FB7 /* CustomNavBarView.swift in Sources */,
				FA54D2A32CEC9E290099E212 /* MatchedGeometryEffectScreen.swift in Sources */,
				FAF0C96F2CEDEE26007ECB28 /* AnimateableDataScreen.swift in Sources */,
				FA1BE1742CEF7A4200BAD2FE /* PreferenceKeyScreen.swift in Sources */,
				FAEEC7722CF3700D00167F64 /* TabBarItem.swift in Sources */,
				FA7273232CF08FC4007FE28B /* CustomTabBarView.swift in Sources */,
				FAFC9EA12CEB56930032D9E1 /* ButtonStyleScreen.swift in Sources */,
				FAFC9E912CEB4E8C0032D9E1 /* swiftuiAdvancedLearningApp.swift in Sources */,
				FA1BE1772CEF842D00BAD2FE /* GeometryPreferenceKeyScreen.swift in Sources */,
				FA1BE1722CEF383200BAD2FE /* ViewBuilderScreen.swift in Sources */,
				FA54D2A12CEC922F0099E212 /* AnyTransitionScreen.swift in Sources */,
				FAF0C96D2CEDD1E7007ECB28 /* CustomCurveScreen.swift in Sources */,
				FA9F2F322CF297960066C44F /* TabBarItemsPreferenceKey.swift in Sources */,
				FAEE76192CFA0B7E00458B35 /* FutureScreen.swift in Sources */,
			);
			runOnlyForDeploymentPostprocessing = 0;
		};
/* End PBXSourcesBuildPhase section */

/* Begin XCBuildConfiguration section */
		FAFC9E992CEB4E8D0032D9E1 /* Debug */ = {
			isa = XCBuildConfiguration;
			buildSettings = {
				ALWAYS_SEARCH_USER_PATHS = NO;
				ASSETCATALOG_COMPILER_GENERATE_SWIFT_ASSET_SYMBOL_EXTENSIONS = YES;
				CLANG_ANALYZER_NONNULL = YES;
				CLANG_ANALYZER_NUMBER_OBJECT_CONVERSION = YES_AGGRESSIVE;
				CLANG_CXX_LANGUAGE_STANDARD = "gnu++20";
				CLANG_ENABLE_MODULES = YES;
				CLANG_ENABLE_OBJC_ARC = YES;
				CLANG_ENABLE_OBJC_WEAK = YES;
				CLANG_WARN_BLOCK_CAPTURE_AUTORELEASING = YES;
				CLANG_WARN_BOOL_CONVERSION = YES;
				CLANG_WARN_COMMA = YES;
				CLANG_WARN_CONSTANT_CONVERSION = YES;
				CLANG_WARN_DEPRECATED_OBJC_IMPLEMENTATIONS = YES;
				CLANG_WARN_DIRECT_OBJC_ISA_USAGE = YES_ERROR;
				CLANG_WARN_DOCUMENTATION_COMMENTS = YES;
				CLANG_WARN_EMPTY_BODY = YES;
				CLANG_WARN_ENUM_CONVERSION = YES;
				CLANG_WARN_INFINITE_RECURSION = YES;
				CLANG_WARN_INT_CONVERSION = YES;
				CLANG_WARN_NON_LITERAL_NULL_CONVERSION = YES;
				CLANG_WARN_OBJC_IMPLICIT_RETAIN_SELF = YES;
				CLANG_WARN_OBJC_LITERAL_CONVERSION = YES;
				CLANG_WARN_OBJC_ROOT_CLASS = YES_ERROR;
				CLANG_WARN_QUOTED_INCLUDE_IN_FRAMEWORK_HEADER = YES;
				CLANG_WARN_RANGE_LOOP_ANALYSIS = YES;
				CLANG_WARN_STRICT_PROTOTYPES = YES;
				CLANG_WARN_SUSPICIOUS_MOVE = YES;
				CLANG_WARN_UNGUARDED_AVAILABILITY = YES_AGGRESSIVE;
				CLANG_WARN_UNREACHABLE_CODE = YES;
				CLANG_WARN__DUPLICATE_METHOD_MATCH = YES;
				COPY_PHASE_STRIP = NO;
				DEBUG_INFORMATION_FORMAT = dwarf;
				ENABLE_STRICT_OBJC_MSGSEND = YES;
				ENABLE_TESTABILITY = YES;
				ENABLE_USER_SCRIPT_SANDBOXING = YES;
				GCC_C_LANGUAGE_STANDARD = gnu17;
				GCC_DYNAMIC_NO_PIC = NO;
				GCC_NO_COMMON_BLOCKS = YES;
				GCC_OPTIMIZATION_LEVEL = 0;
				GCC_PREPROCESSOR_DEFINITIONS = (
					"DEBUG=1",
					"$(inherited)",
				);
				GCC_WARN_64_TO_32_BIT_CONVERSION = YES;
				GCC_WARN_ABOUT_RETURN_TYPE = YES_ERROR;
				GCC_WARN_UNDECLARED_SELECTOR = YES;
				GCC_WARN_UNINITIALIZED_AUTOS = YES_AGGRESSIVE;
				GCC_WARN_UNUSED_FUNCTION = YES;
				GCC_WARN_UNUSED_VARIABLE = YES;
				IPHONEOS_DEPLOYMENT_TARGET = 17.5;
				LOCALIZATION_PREFERS_STRING_CATALOGS = YES;
				MTL_ENABLE_DEBUG_INFO = INCLUDE_SOURCE;
				MTL_FAST_MATH = YES;
				ONLY_ACTIVE_ARCH = YES;
				SDKROOT = iphoneos;
				SWIFT_ACTIVE_COMPILATION_CONDITIONS = "DEBUG $(inherited)";
				SWIFT_OPTIMIZATION_LEVEL = "-Onone";
			};
			name = Debug;
		};
		FAFC9E9A2CEB4E8D0032D9E1 /* Release */ = {
			isa = XCBuildConfiguration;
			buildSettings = {
				ALWAYS_SEARCH_USER_PATHS = NO;
				ASSETCATALOG_COMPILER_GENERATE_SWIFT_ASSET_SYMBOL_EXTENSIONS = YES;
				CLANG_ANALYZER_NONNULL = YES;
				CLANG_ANALYZER_NUMBER_OBJECT_CONVERSION = YES_AGGRESSIVE;
				CLANG_CXX_LANGUAGE_STANDARD = "gnu++20";
				CLANG_ENABLE_MODULES = YES;
				CLANG_ENABLE_OBJC_ARC = YES;
				CLANG_ENABLE_OBJC_WEAK = YES;
				CLANG_WARN_BLOCK_CAPTURE_AUTORELEASING = YES;
				CLANG_WARN_BOOL_CONVERSION = YES;
				CLANG_WARN_COMMA = YES;
				CLANG_WARN_CONSTANT_CONVERSION = YES;
				CLANG_WARN_DEPRECATED_OBJC_IMPLEMENTATIONS = YES;
				CLANG_WARN_DIRECT_OBJC_ISA_USAGE = YES_ERROR;
				CLANG_WARN_DOCUMENTATION_COMMENTS = YES;
				CLANG_WARN_EMPTY_BODY = YES;
				CLANG_WARN_ENUM_CONVERSION = YES;
				CLANG_WARN_INFINITE_RECURSION = YES;
				CLANG_WARN_INT_CONVERSION = YES;
				CLANG_WARN_NON_LITERAL_NULL_CONVERSION = YES;
				CLANG_WARN_OBJC_IMPLICIT_RETAIN_SELF = YES;
				CLANG_WARN_OBJC_LITERAL_CONVERSION = YES;
				CLANG_WARN_OBJC_ROOT_CLASS = YES_ERROR;
				CLANG_WARN_QUOTED_INCLUDE_IN_FRAMEWORK_HEADER = YES;
				CLANG_WARN_RANGE_LOOP_ANALYSIS = YES;
				CLANG_WARN_STRICT_PROTOTYPES = YES;
				CLANG_WARN_SUSPICIOUS_MOVE = YES;
				CLANG_WARN_UNGUARDED_AVAILABILITY = YES_AGGRESSIVE;
				CLANG_WARN_UNREACHABLE_CODE = YES;
				CLANG_WARN__DUPLICATE_METHOD_MATCH = YES;
				COPY_PHASE_STRIP = NO;
				DEBUG_INFORMATION_FORMAT = "dwarf-with-dsym";
				ENABLE_NS_ASSERTIONS = NO;
				ENABLE_STRICT_OBJC_MSGSEND = YES;
				ENABLE_USER_SCRIPT_SANDBOXING = YES;
				GCC_C_LANGUAGE_STANDARD = gnu17;
				GCC_NO_COMMON_BLOCKS = YES;
				GCC_WARN_64_TO_32_BIT_CONVERSION = YES;
				GCC_WARN_ABOUT_RETURN_TYPE = YES_ERROR;
				GCC_WARN_UNDECLARED_SELECTOR = YES;
				GCC_WARN_UNINITIALIZED_AUTOS = YES_AGGRESSIVE;
				GCC_WARN_UNUSED_FUNCTION = YES;
				GCC_WARN_UNUSED_VARIABLE = YES;
				IPHONEOS_DEPLOYMENT_TARGET = 17.5;
				LOCALIZATION_PREFERS_STRING_CATALOGS = YES;
				MTL_ENABLE_DEBUG_INFO = NO;
				MTL_FAST_MATH = YES;
				SDKROOT = iphoneos;
				SWIFT_COMPILATION_MODE = wholemodule;
				VALIDATE_PRODUCT = YES;
			};
			name = Release;
		};
		FAFC9E9C2CEB4E8D0032D9E1 /* Debug */ = {
			isa = XCBuildConfiguration;
			buildSettings = {
				ASSETCATALOG_COMPILER_APPICON_NAME = AppIcon;
				ASSETCATALOG_COMPILER_GLOBAL_ACCENT_COLOR_NAME = AccentColor;
				CODE_SIGN_STYLE = Automatic;
				CURRENT_PROJECT_VERSION = 1;
				DEVELOPMENT_ASSET_PATHS = "\"swiftuiAdvancedLearning/Preview Content\"";
				ENABLE_PREVIEWS = YES;
				GENERATE_INFOPLIST_FILE = YES;
				INFOPLIST_KEY_UIApplicationSceneManifest_Generation = YES;
				INFOPLIST_KEY_UIApplicationSupportsIndirectInputEvents = YES;
				INFOPLIST_KEY_UILaunchScreen_Generation = YES;
				INFOPLIST_KEY_UISupportedInterfaceOrientations_iPad = "UIInterfaceOrientationPortrait UIInterfaceOrientationPortraitUpsideDown UIInterfaceOrientationLandscapeLeft UIInterfaceOrientationLandscapeRight";
				INFOPLIST_KEY_UISupportedInterfaceOrientations_iPhone = "UIInterfaceOrientationPortrait UIInterfaceOrientationLandscapeLeft UIInterfaceOrientationLandscapeRight";
				LD_RUNPATH_SEARCH_PATHS = (
					"$(inherited)",
					"@executable_path/Frameworks",
				);
				MARKETING_VERSION = 1.0;
				PRODUCT_BUNDLE_IDENTIFIER = com.brahim.swiftuiAdvancedLearning;
				PRODUCT_NAME = "$(TARGET_NAME)";
				SWIFT_EMIT_LOC_STRINGS = YES;
				SWIFT_VERSION = 5.0;
				TARGETED_DEVICE_FAMILY = "1,2";
			};
			name = Debug;
		};
		FAFC9E9D2CEB4E8D0032D9E1 /* Release */ = {
			isa = XCBuildConfiguration;
			buildSettings = {
				ASSETCATALOG_COMPILER_APPICON_NAME = AppIcon;
				ASSETCATALOG_COMPILER_GLOBAL_ACCENT_COLOR_NAME = AccentColor;
				CODE_SIGN_STYLE = Automatic;
				CURRENT_PROJECT_VERSION = 1;
				DEVELOPMENT_ASSET_PATHS = "\"swiftuiAdvancedLearning/Preview Content\"";
				ENABLE_PREVIEWS = YES;
				GENERATE_INFOPLIST_FILE = YES;
				INFOPLIST_KEY_UIApplicationSceneManifest_Generation = YES;
				INFOPLIST_KEY_UIApplicationSupportsIndirectInputEvents = YES;
				INFOPLIST_KEY_UILaunchScreen_Generation = YES;
				INFOPLIST_KEY_UISupportedInterfaceOrientations_iPad = "UIInterfaceOrientationPortrait UIInterfaceOrientationPortraitUpsideDown UIInterfaceOrientationLandscapeLeft UIInterfaceOrientationLandscapeRight";
				INFOPLIST_KEY_UISupportedInterfaceOrientations_iPhone = "UIInterfaceOrientationPortrait UIInterfaceOrientationLandscapeLeft UIInterfaceOrientationLandscapeRight";
				LD_RUNPATH_SEARCH_PATHS = (
					"$(inherited)",
					"@executable_path/Frameworks",
				);
				MARKETING_VERSION = 1.0;
				PRODUCT_BUNDLE_IDENTIFIER = com.brahim.swiftuiAdvancedLearning;
				PRODUCT_NAME = "$(TARGET_NAME)";
				SWIFT_EMIT_LOC_STRINGS = YES;
				SWIFT_VERSION = 5.0;
				TARGETED_DEVICE_FAMILY = "1,2";
			};
			name = Release;
		};
/* End XCBuildConfiguration section */

/* Begin XCConfigurationList section */
		FAFC9E882CEB4E8C0032D9E1 /* Build configuration list for PBXProject "swiftuiAdvancedLearning" */ = {
			isa = XCConfigurationList;
			buildConfigurations = (
				FAFC9E992CEB4E8D0032D9E1 /* Debug */,
				FAFC9E9A2CEB4E8D0032D9E1 /* Release */,
			);
			defaultConfigurationIsVisible = 0;
			defaultConfigurationName = Release;
		};
		FAFC9E9B2CEB4E8D0032D9E1 /* Build configuration list for PBXNativeTarget "swiftuiAdvancedLearning" */ = {
			isa = XCConfigurationList;
			buildConfigurations = (
				FAFC9E9C2CEB4E8D0032D9E1 /* Debug */,
				FAFC9E9D2CEB4E8D0032D9E1 /* Release */,
			);
			defaultConfigurationIsVisible = 0;
			defaultConfigurationName = Release;
		};
/* End XCConfigurationList section */
	};
	rootObject = FAFC9E852CEB4E8C0032D9E1 /* Project object */;
}
